
Microsoft Visual Studio Solution File, Format Version 12.00
# Visual Studio Version 17
VisualStudioVersion = 17.8.34309.116
MinimumVisualStudioVersion = 10.0.40219.1
Project("{FAE04EC0-301F-11D3-BF4B-00C04F79EFBC}") = "PasswordManager", "PasswordManager\PasswordManager.csproj", "{77E7EE5B-78E0-4E1E-86CE-E2751359B6A2}"
EndProject
Project("{FAE04EC0-301F-11D3-BF4B-00C04F79EFBC}") = "PasswordManager.Models", "PasswordManager.Models\PasswordManager.Models.csproj", "{2423BF0B-298E-4B3A-A4D0-6309A3B6E545}"
EndProject
Project("{FAE04EC0-301F-11D3-BF4B-00C04F79EFBC}") = "PasswordManager.Repositories", "PasswordManager.Repositories\PasswordManager.Repositories.csproj", "{2B8CB821-DA71-4B1B-BE41-7612C79AFBA7}"
EndProject
Global
	GlobalSection(SolutionConfigurationPlatforms) = preSolution
		Debug|Any CPU = Debug|Any CPU
		Release|Any CPU = Release|Any CPU
	EndGlobalSection
	GlobalSection(ProjectConfigurationPlatforms) = postSolution
		{77E7EE5B-78E0-4E1E-86CE-E2751359B6A2}.Debug|Any CPU.ActiveCfg = Debug|Any CPU
		{77E7EE5B-78E0-4E1E-86CE-E2751359B6A2}.Debug|Any CPU.Build.0 = Debug|Any CPU
		{77E7EE5B-78E0-4E1E-86CE-E2751359B6A2}.Release|Any CPU.ActiveCfg = Release|Any CPU
		{77E7EE5B-78E0-4E1E-86CE-E2751359B6A2}.Release|Any CPU.Build.0 = Release|Any CPU
		{2423BF0B-298E-4B3A-A4D0-6309A3B6E545}.Debug|Any CPU.ActiveCfg = Debug|Any CPU
		{2423BF0B-298E-4B3A-A4D0-6309A3B6E545}.Debug|Any CPU.Build.0 = Debug|Any CPU
		{2423BF0B-298E-4B3A-A4D0-6309A3B6E545}.Release|Any CPU.ActiveCfg = Release|Any CPU
		{2423BF0B-298E-4B3A-A4D0-6309A3B6E545}.Release|Any CPU.Build.0 = Release|Any CPU
		{2B8CB821-DA71-4B1B-BE41-7612C79AFBA7}.Debug|Any CPU.ActiveCfg = Debug|Any CPU
		{2B8CB821-DA71-4B1B-BE41-7612C79AFBA7}.Debug|Any CPU.Build.0 = Debug|Any CPU
		{2B8CB821-DA71-4B1B-BE41-7612C79AFBA7}.Release|Any CPU.ActiveCfg = Release|Any CPU
		{2B8CB821-DA71-4B1B-BE41-7612C79AFBA7}.Release|Any CPU.Build.0 = Release|Any CPU
	EndGlobalSection
	GlobalSection(SolutionProperties) = preSolution
		HideSolutionNode = FALSE
	EndGlobalSection
	GlobalSection(ExtensibilityGlobals) = postSolution
		SolutionGuid = {DA9B0630-41DF-4B27-9F3E-D5C01C888BBA}
	EndGlobalSection
EndGlobal
